// !$*UTF8*$!
{
	archiveVersion = 1;
	classes = {
	};
	objectVersion = 50;
	objects = {

/* Begin PBXBuildFile section */
		1F1201262417BDFA00A009E1 /* AppDelegate.swift in Sources */ = {isa = PBXBuildFile; fileRef = 1F1201252417BDFA00A009E1 /* AppDelegate.swift */; };
		1F1201282417BDFA00A009E1 /* SceneDelegate.swift in Sources */ = {isa = PBXBuildFile; fileRef = 1F1201272417BDFA00A009E1 /* SceneDelegate.swift */; };
		1F12012A2417BDFA00A009E1 /* ViewController.swift in Sources */ = {isa = PBXBuildFile; fileRef = 1F1201292417BDFA00A009E1 /* ViewController.swift */; };
		1F12012D2417BDFA00A009E1 /* Main.storyboard in Resources */ = {isa = PBXBuildFile; fileRef = 1F12012B2417BDFA00A009E1 /* Main.storyboard */; };
		1F12012F2417BDFB00A009E1 /* Assets.xcassets in Resources */ = {isa = PBXBuildFile; fileRef = 1F12012E2417BDFB00A009E1 /* Assets.xcassets */; };
		1F1201322417BDFB00A009E1 /* LaunchScreen.storyboard in Resources */ = {isa = PBXBuildFile; fileRef = 1F1201302417BDFB00A009E1 /* LaunchScreen.storyboard */; };
/* End PBXBuildFile section */

/* Begin PBXFileReference section */
		1F1201222417BDFA00A009E1 /* AwesomeBrowser.app */ = {isa = PBXFileReference; explicitFileType = wrapper.application; includeInIndex = 0; path = AwesomeBrowser.app; sourceTree = BUILT_PRODUCTS_DIR; };
		1F1201252417BDFA00A009E1 /* AppDelegate.swift */ = {isa = PBXFileReference; lastKnownFileType = sourcecode.swift; path = AppDelegate.swift; sourceTree = "<group>"; };
		1F1201272417BDFA00A009E1 /* SceneDelegate.swift */ = {isa = PBXFileReference; lastKnownFileType = sourcecode.swift; path = SceneDelegate.swift; sourceTree = "<group>"; };
		1F1201292417BDFA00A009E1 /* ViewController.swift */ = {isa = PBXFileReference; lastKnownFileType = sourcecode.swift; path = ViewController.swift; sourceTree = "<group>"; };
		1F12012C2417BDFA00A009E1 /* Base */ = {isa = PBXFileReference; lastKnownFileType = file.storyboard; name = Base; path = Base.lproj/Main.storyboard; sourceTree = "<group>"; };
		1F12012E2417BDFB00A009E1 /* Assets.xcassets */ = {isa = PBXFileReference; lastKnownFileType = folder.assetcatalog; path = Assets.xcassets; sourceTree = "<group>"; };
		1F1201312417BDFB00A009E1 /* Base */ = {isa = PBXFileReference; lastKnownFileType = file.storyboard; name = Base; path = Base.lproj/LaunchScreen.storyboard; sourceTree = "<group>"; };
		1F1201332417BDFB00A009E1 /* Info.plist */ = {isa = PBXFileReference; lastKnownFileType = text.plist.xml; path = Info.plist; sourceTree = "<group>"; };
/* End PBXFileReference section */

/* Begin PBXFrameworksBuildPhase section */
		1F12011F2417BDFA00A009E1 /* Frameworks */ = {
			isa = PBXFrameworksBuildPhase;
			buildActionMask = 2147483647;
			files = (
			);
			runOnlyForDeploymentPostprocessing = 0;
		};
/* End PBXFrameworksBuildPhase section */

/* Begin PBXGroup section */
		1F1201192417BDFA00A009E1 = {
			isa = PBXGroup;
			children = (
				1F1201242417BDFA00A009E1 /* AwesomeBrowser */,
				1F1201232417BDFA00A009E1 /* Products */,
			);
			sourceTree = "<group>";
		};
		1F1201232417BDFA00A009E1 /* Products */ = {
			isa = PBXGroup;
			children = (
				1F1201222417BDFA00A009E1 /* AwesomeBrowser.app */,
			);
			name = Products;
			sourceTree = "<group>";
		};
		1F1201242417BDFA00A009E1 /* AwesomeBrowser */ = {
			isa = PBXGroup;
			children = (
				1F1201252417BDFA00A009E1 /* AppDelegate.swift */,
				1F1201272417BDFA00A009E1 /* SceneDelegate.swift */,
				1F1201292417BDFA00A009E1 /* ViewController.swift */,
				1F12012B2417BDFA00A009E1 /* Main.storyboard */,
				1F12012E2417BDFB00A009E1 /* Assets.xcassets */,
				1F1201302417BDFB00A009E1 /* LaunchScreen.storyboard */,
				1F1201332417BDFB00A009E1 /* Info.plist */,
			);
			path = AwesomeBrowser;
			sourceTree = "<group>";
		};
/* End PBXGroup section */

/* Begin PBXNativeTarget section */
		1F1201212417BDFA00A009E1 /* AwesomeBrowser */ = {
			isa = PBXNativeTarget;
			buildConfigurationList = 1F1201362417BDFB00A009E1 /* Build configuration list for PBXNativeTarget "AwesomeBrowser" */;
			buildPhases = (
				1F12011E2417BDFA00A009E1 /* Sources */,
				1F12011F2417BDFA00A009E1 /* Frameworks */,
				1F1201202417BDFA00A009E1 /* Resources */,
			);
			buildRules = (
			);
			dependencies = (
			);
			name = AwesomeBrowser;
			productName = AwesomeBrowser;
			productReference = 1F1201222417BDFA00A009E1 /* AwesomeBrowser.app */;
			productType = "com.apple.product-type.application";
		};
/* End PBXNativeTarget section */

/* Begin PBXProject section */
		1F12011A2417BDFA00A009E1 /* Project object */ = {
			isa = PBXProject;
			attributes = {
				LastSwiftUpdateCheck = 1120;
				LastUpgradeCheck = 1120;
				ORGANIZATIONNAME = "Ildar Usmanov";
				TargetAttributes = {
					1F1201212417BDFA00A009E1 = {
						CreatedOnToolsVersion = 11.2.1;
					};
				};
			};
			buildConfigurationList = 1F12011D2417BDFA00A009E1 /* Build configuration list for PBXProject "AwesomeBrowser" */;
			compatibilityVersion = "Xcode 9.3";
			developmentRegion = en;
			hasScannedForEncodings = 0;
			knownRegions = (
				en,
				Base,
			);
			mainGroup = 1F1201192417BDFA00A009E1;
			productRefGroup = 1F1201232417BDFA00A009E1 /* Products */;
			projectDirPath = "";
			projectRoot = "";
			targets = (
				1F1201212417BDFA00A009E1 /* AwesomeBrowser */,
			);
		};
/* End PBXProject section */

/* Begin PBXResourcesBuildPhase section */
		1F1201202417BDFA00A009E1 /* Resources */ = {
			isa = PBXResourcesBuildPhase;
			buildActionMask = 2147483647;
			files = (
				1F1201322417BDFB00A009E1 /* LaunchScreen.storyboard in Resources */,
				1F12012F2417BDFB00A009E1 /* Assets.xcassets in Resources */,
				1F12012D2417BDFA00A009E1 /* Main.storyboard in Resources */,
			);
			runOnlyForDeploymentPostprocessing = 0;
		};
/* End PBXResourcesBuildPhase section */

/* Begin PBXSourcesBuildPhase section */
		1F12011E2417BDFA00A009E1 /* Sources */ = {
			isa = PBXSourcesBuildPhase;
			buildActionMask = 2147483647;
			files = (
				1F12012A2417BDFA00A009E1 /* ViewController.swift in Sources */,
				1F1201262417BDFA00A009E1 /* AppDelegate.swift in Sources */,
				1F1201282417BDFA00A009E1 /* SceneDelegate.swift in Sources */,
			);
			runOnlyForDeploymentPostprocessing = 0;
		};
/* End PBXSourcesBuildPhase section */

/* Begin PBXVariantGroup section */
		1F12012B2417BDFA00A009E1 /* Main.storyboard */ = {
			isa = PBXVariantGroup;
			children = (
				1F12012C2417BDFA00A009E1 /* Base */,
			);
			name = Main.storyboard;
			sourceTree = "<group>";
		};
		1F1201302417BDFB00A009E1 /* LaunchScreen.storyboard */ = {
			isa = PBXVariantGroup;
			children = (
				1F1201312417BDFB00A009E1 /* Base */,
			);
			name = LaunchScreen.storyboard;
			sourceTree = "<group>";
		};
/* End PBXVariantGroup section */

/* Begin XCBuildConfiguration section */
		1F1201342417BDFB00A009E1 /* Debug */ = {
			isa = XCBuildConfiguration;
			buildSettings = {
				ALWAYS_SEARCH_USER_PATHS = NO;
				CLANG_ANALYZER_NONNULL = YES;
				CLANG_ANALYZER_NUMBER_OBJECT_CONVERSION = YES_AGGRESSIVE;
				CLANG_CXX_LANGUAGE_STANDARD = "gnu++14";
				CLANG_CXX_LIBRARY = "libc++";
				CLANG_ENABLE_MODULES = YES;
				CLANG_ENABLE_OBJC_ARC = YES;
				CLANG_ENABLE_OBJC_WEAK = YES;
				CLANG_WARN_BLOCK_CAPTURE_AUTORELEASING = YES;
				CLANG_WARN_BOOL_CONVERSION = YES;
				CLANG_WARN_COMMA = YES;
				CLANG_WARN_CONSTANT_CONVERSION = YES;
				CLANG_WARN_DEPRECATED_OBJC_IMPLEMENTATIONS = YES;
				CLANG_WARN_DIRECT_OBJC_ISA_USAGE = YES_ERROR;
				CLANG_WARN_DOCUMENTATION_COMMENTS = YES;
				CLANG_WARN_EMPTY_BODY = YES;
				CLANG_WARN_ENUM_CONVERSION = YES;
				CLANG_WARN_INFINITE_RECURSION = YES;
				CLANG_WARN_INT_CONVERSION = YES;
				CLANG_WARN_NON_LITERAL_NULL_CONVERSION = YES;
				CLANG_WARN_OBJC_IMPLICIT_RETAIN_SELF = YES;
				CLANG_WARN_OBJC_LITERAL_CONVERSION = YES;
				CLANG_WARN_OBJC_ROOT_CLASS = YES_ERROR;
				CLANG_WARN_RANGE_LOOP_ANALYSIS = YES;
				CLANG_WARN_STRICT_PROTOTYPES = YES;
				CLANG_WARN_SUSPICIOUS_MOVE = YES;
				CLANG_WARN_UNGUARDED_AVAILABILITY = YES_AGGRESSIVE;
				CLANG_WARN_UNREACHABLE_CODE = YES;
				CLANG_WARN__DUPLICATE_METHOD_MATCH = YES;
				COPY_PHASE_STRIP = NO;
				DEBUG_INFORMATION_FORMAT = dwarf;
				ENABLE_STRICT_OBJC_MSGSEND = YES;
				ENABLE_TESTABILITY = YES;
				GCC_C_LANGUAGE_STANDARD = gnu11;
				GCC_DYNAMIC_NO_PIC = NO;
				GCC_NO_COMMON_BLOCKS = YES;
				GCC_OPTIMIZATION_LEVEL = 0;
				GCC_PREPROCESSOR_DEFINITIONS = (
					"DEBUG=1",
					"$(inherited)",
				);
				GCC_WARN_64_TO_32_BIT_CONVERSION = YES;
				GCC_WARN_ABOUT_RETURN_TYPE = YES_ERROR;
				GCC_WARN_UNDECLARED_SELECTOR = YES;
				GCC_WARN_UNINITIALIZED_AUTOS = YES_AGGRESSIVE;
				GCC_WARN_UNUSED_FUNCTION = YES;
				GCC_WARN_UNUSED_VARIABLE = YES;
				IPHONEOS_DEPLOYMENT_TARGET = 13.2;
				MTL_ENABLE_DEBUG_INFO = INCLUDE_SOURCE;
				MTL_FAST_MATH = YES;
				ONLY_ACTIVE_ARCH = YES;
				SDKROOT = iphoneos;
				SWIFT_ACTIVE_COMPILATION_CONDITIONS = DEBUG;
				SWIFT_OPTIMIZATION_LEVEL = "-Onone";
			};
			name = Debug;
		};
		1F1201352417BDFB00A009E1 /* Release */ = {
			isa = XCBuildConfiguration;
			buildSettings = {
				ALWAYS_SEARCH_USER_PATHS = NO;
				CLANG_ANALYZER_NONNULL = YES;
				CLANG_ANALYZER_NUMBER_OBJECT_CONVERSION = YES_AGGRESSIVE;
				CLANG_CXX_LANGUAGE_STANDARD = "gnu++14";
				CLANG_CXX_LIBRARY = "libc++";
				CLANG_ENABLE_MODULES = YES;
				CLANG_ENABLE_OBJC_ARC = YES;
				CLANG_ENABLE_OBJC_WEAK = YES;
				CLANG_WARN_BLOCK_CAPTURE_AUTORELEASING = YES;
				CLANG_WARN_BOOL_CONVERSION = YES;
				CLANG_WARN_COMMA = YES;
				CLANG_WARN_CONSTANT_CONVERSION = YES;
				CLANG_WARN_DEPRECATED_OBJC_IMPLEMENTATIONS = YES;
				CLANG_WARN_DIRECT_OBJC_ISA_USAGE = YES_ERROR;
				CLANG_WARN_DOCUMENTATION_COMMENTS = YES;
				CLANG_WARN_EMPTY_BODY = YES;
				CLANG_WARN_ENUM_CONVERSION = YES;
				CLANG_WARN_INFINITE_RECURSION = YES;
				CLANG_WARN_INT_CONVERSION = YES;
				CLANG_WARN_NON_LITERAL_NULL_CONVERSION = YES;
				CLANG_WARN_OBJC_IMPLICIT_RETAIN_SELF = YES;
				CLANG_WARN_OBJC_LITERAL_CONVERSION = YES;
				CLANG_WARN_OBJC_ROOT_CLASS = YES_ERROR;
				CLANG_WARN_RANGE_LOOP_ANALYSIS = YES;
				CLANG_WARN_STRICT_PROTOTYPES = YES;
				CLANG_WARN_SUSPICIOUS_MOVE = YES;
				CLANG_WARN_UNGUARDED_AVAILABILITY = YES_AGGRESSIVE;
				CLANG_WARN_UNREACHABLE_CODE = YES;
				CLANG_WARN__DUPLICATE_METHOD_MATCH = YES;
				COPY_PHASE_STRIP = NO;
				DEBUG_INFORMATION_FORMAT = "dwarf-with-dsym";
				ENABLE_NS_ASSERTIONS = NO;
				ENABLE_STRICT_OBJC_MSGSEND = YES;
				GCC_C_LANGUAGE_STANDARD = gnu11;
				GCC_NO_COMMON_BLOCKS = YES;
				GCC_WARN_64_TO_32_BIT_CONVERSION = YES;
				GCC_WARN_ABOUT_RETURN_TYPE = YES_ERROR;
				GCC_WARN_UNDECLARED_SELECTOR = YES;
				GCC_WARN_UNINITIALIZED_AUTOS = YES_AGGRESSIVE;
				GCC_WARN_UNUSED_FUNCTION = YES;
				GCC_WARN_UNUSED_VARIABLE = YES;
				IPHONEOS_DEPLOYMENT_TARGET = 13.2;
				MTL_ENABLE_DEBUG_INFO = NO;
				MTL_FAST_MATH = YES;
				SDKROOT = iphoneos;
				SWIFT_COMPILATION_MODE = wholemodule;
				SWIFT_OPTIMIZATION_LEVEL = "-O";
				VALIDATE_PRODUCT = YES;
			};
			name = Release;
		};
		1F1201372417BDFB00A009E1 /* Debug */ = {
			isa = XCBuildConfiguration;
			buildSettings = {
				ASSETCATALOG_COMPILER_APPICON_NAME = AppIcon;
				CODE_SIGN_STYLE = Automatic;
				DEVELOPMENT_TEAM = TSQ8D38DPQ;
				INFOPLIST_FILE = AwesomeBrowser/Info.plist;
				LD_RUNPATH_SEARCH_PATHS = (
					"$(inherited)",
					"@executable_path/Frameworks",
				);
				PRODUCT_BUNDLE_IDENTIFIER = "School-21.AwesomeBrowser";
				PRODUCT_NAME = "$(TARGET_NAME)";
				SWIFT_VERSION = 5.0;
				TARGETED_DEVICE_FAMILY = "1,2";
			};
			name = Debug;
		};
		1F1201382417BDFB00A009E1 /* Release */ = {
			isa = XCBuildConfiguration;
			buildSettings = {
				ASSETCATALOG_COMPILER_APPICON_NAME = AppIcon;
				CODE_SIGN_STYLE = Automatic;
				DEVELOPMENT_TEAM = TSQ8D38DPQ;
				INFOPLIST_FILE = AwesomeBrowser/Info.plist;
				LD_RUNPATH_SEARCH_PATHS = (
					"$(inherited)",
					"@executable_path/Frameworks",
				);
				PRODUCT_BUNDLE_IDENTIFIER = "School-21.AwesomeBrowser";
				PRODUCT_NAME = "$(TARGET_NAME)";
				SWIFT_VERSION = 5.0;
				TARGETED_DEVICE_FAMILY = "1,2";
			};
			name = Release;
		};
/* End XCBuildConfiguration section */

/* Begin XCConfigurationList section */
		1F12011D2417BDFA00A009E1 /* Build configuration list for PBXProject "AwesomeBrowser" */ = {
			isa = XCConfigurationList;
			buildConfigurations = (
				1F1201342417BDFB00A009E1 /* Debug */,
				1F1201352417BDFB00A009E1 /* Release */,
			);
			defaultConfigurationIsVisible = 0;
			defaultConfigurationName = Release;
		};
		1F1201362417BDFB00A009E1 /* Build configuration list for PBXNativeTarget "AwesomeBrowser" */ = {
			isa = XCConfigurationList;
			buildConfigurations = (
				1F1201372417BDFB00A009E1 /* Debug */,
				1F1201382417BDFB00A009E1 /* Release */,
			);
			defaultConfigurationIsVisible = 0;
			defaultConfigurationName = Release;
		};
/* End XCConfigurationList section */
	};
	rootObject = 1F12011A2417BDFA00A009E1 /* Project object */;
}
